
Microsoft Visual Studio Solution File, Format Version 12.00
# Visual Studio Version 17
VisualStudioVersion = 17.6.33801.468
MinimumVisualStudioVersion = 10.0.40219.1
Project("{9A19103F-16F7-4668-BE54-9A1E7A4F7556}") = "Psicologia.Domain", "Psicologia.Domain\Psicologia.Domain.csproj", "{CBA14993-EE39-4436-86F7-3D2477CC4172}"
EndProject
Project("{9A19103F-16F7-4668-BE54-9A1E7A4F7556}") = "Psicologia.Infrastructure", "Psicologia.Infrastructure\Psicologia.Infrastructure.csproj", "{30886518-80C7-4A46-8772-7DF89677519C}"
EndProject
Project("{FAE04EC0-301F-11D3-BF4B-00C04F79EFBC}") = "Psicologia.API", "Psicologia.API\Psicologia.API.csproj", "{AE9E3B3D-3F7F-4242-AA85-2A4EE6D62C36}"
EndProject
Global
	GlobalSection(SolutionConfigurationPlatforms) = preSolution
		Debug|Any CPU = Debug|Any CPU
		Release|Any CPU = Release|Any CPU
	EndGlobalSection
	GlobalSection(ProjectConfigurationPlatforms) = postSolution
		{CBA14993-EE39-4436-86F7-3D2477CC4172}.Debug|Any CPU.ActiveCfg = Debug|Any CPU
		{CBA14993-EE39-4436-86F7-3D2477CC4172}.Debug|Any CPU.Build.0 = Debug|Any CPU
		{CBA14993-EE39-4436-86F7-3D2477CC4172}.Release|Any CPU.ActiveCfg = Release|Any CPU
		{CBA14993-EE39-4436-86F7-3D2477CC4172}.Release|Any CPU.Build.0 = Release|Any CPU
		{30886518-80C7-4A46-8772-7DF89677519C}.Debug|Any CPU.ActiveCfg = Debug|Any CPU
		{30886518-80C7-4A46-8772-7DF89677519C}.Debug|Any CPU.Build.0 = Debug|Any CPU
		{30886518-80C7-4A46-8772-7DF89677519C}.Release|Any CPU.ActiveCfg = Release|Any CPU
		{30886518-80C7-4A46-8772-7DF89677519C}.Release|Any CPU.Build.0 = Release|Any CPU
		{AE9E3B3D-3F7F-4242-AA85-2A4EE6D62C36}.Debug|Any CPU.ActiveCfg = Debug|Any CPU
		{AE9E3B3D-3F7F-4242-AA85-2A4EE6D62C36}.Debug|Any CPU.Build.0 = Debug|Any CPU
		{AE9E3B3D-3F7F-4242-AA85-2A4EE6D62C36}.Release|Any CPU.ActiveCfg = Release|Any CPU
		{AE9E3B3D-3F7F-4242-AA85-2A4EE6D62C36}.Release|Any CPU.Build.0 = Release|Any CPU
	EndGlobalSection
	GlobalSection(SolutionProperties) = preSolution
		HideSolutionNode = FALSE
	EndGlobalSection
	GlobalSection(ExtensibilityGlobals) = postSolution
		SolutionGuid = {0CCAC2F8-D330-415C-A4FF-A52A9AA3B0A7}
	EndGlobalSection
EndGlobal
